
Microsoft Visual Studio Solution File, Format Version 12.00
# Visual Studio Version 16
VisualStudioVersion = 16.0.31129.286
MinimumVisualStudioVersion = 10.0.40219.1
Project("{FAE04EC0-301F-11D3-BF4B-00C04F79EFBC}") = "EX01", "EX01\EX01.csproj", "{2D6286F7-D127-4005-B6C1-6D6DD8C02EDC}"
EndProject
Global
	GlobalSection(SolutionConfigurationPlatforms) = preSolution
		Debug|Any CPU = Debug|Any CPU
		Release|Any CPU = Release|Any CPU
	EndGlobalSection
	GlobalSection(ProjectConfigurationPlatforms) = postSolution
		{2D6286F7-D127-4005-B6C1-6D6DD8C02EDC}.Debug|Any CPU.ActiveCfg = Debug|Any CPU
		{2D6286F7-D127-4005-B6C1-6D6DD8C02EDC}.Debug|Any CPU.Build.0 = Debug|Any CPU
		{2D6286F7-D127-4005-B6C1-6D6DD8C02EDC}.Release|Any CPU.ActiveCfg = Release|Any CPU
		{2D6286F7-D127-4005-B6C1-6D6DD8C02EDC}.Release|Any CPU.Build.0 = Release|Any CPU
	EndGlobalSection
	GlobalSection(SolutionProperties) = preSolution
		HideSolutionNode = FALSE
	EndGlobalSection
	GlobalSection(ExtensibilityGlobals) = postSolution
		SolutionGuid = {25D2CEC6-1167-42F4-89A1-771E916384FD}
	EndGlobalSection
EndGlobal
