
Microsoft Visual Studio Solution File, Format Version 12.00
# Visual Studio Version 16
VisualStudioVersion = 16.0.31129.286
MinimumVisualStudioVersion = 10.0.40219.1
Project("{FAE04EC0-301F-11D3-BF4B-00C04F79EFBC}") = "EX - 3 FOR-WHILE-DO", "EX - 3 FOR-WHILE-DO\EX - 3 FOR-WHILE-DO.csproj", "{19ADB6AA-8123-4510-9AD8-A333335DB69C}"
EndProject
Global
	GlobalSection(SolutionConfigurationPlatforms) = preSolution
		Debug|Any CPU = Debug|Any CPU
		Release|Any CPU = Release|Any CPU
	EndGlobalSection
	GlobalSection(ProjectConfigurationPlatforms) = postSolution
		{19ADB6AA-8123-4510-9AD8-A333335DB69C}.Debug|Any CPU.ActiveCfg = Debug|Any CPU
		{19ADB6AA-8123-4510-9AD8-A333335DB69C}.Debug|Any CPU.Build.0 = Debug|Any CPU
		{19ADB6AA-8123-4510-9AD8-A333335DB69C}.Release|Any CPU.ActiveCfg = Release|Any CPU
		{19ADB6AA-8123-4510-9AD8-A333335DB69C}.Release|Any CPU.Build.0 = Release|Any CPU
	EndGlobalSection
	GlobalSection(SolutionProperties) = preSolution
		HideSolutionNode = FALSE
	EndGlobalSection
	GlobalSection(ExtensibilityGlobals) = postSolution
		SolutionGuid = {D77BE2AA-4D72-4664-BD79-7E5DA7447409}
	EndGlobalSection
EndGlobal
