
Microsoft Visual Studio Solution File, Format Version 12.00
# Visual Studio Version 16
VisualStudioVersion = 16.0.31129.286
MinimumVisualStudioVersion = 10.0.40219.1
Project("{FAE04EC0-301F-11D3-BF4B-00C04F79EFBC}") = "EX1", "EX1\EX1.csproj", "{93F7EF8E-DC3A-4D8B-97E3-171C6BD6CB68}"
EndProject
Global
	GlobalSection(SolutionConfigurationPlatforms) = preSolution
		Debug|Any CPU = Debug|Any CPU
		Release|Any CPU = Release|Any CPU
	EndGlobalSection
	GlobalSection(ProjectConfigurationPlatforms) = postSolution
		{93F7EF8E-DC3A-4D8B-97E3-171C6BD6CB68}.Debug|Any CPU.ActiveCfg = Debug|Any CPU
		{93F7EF8E-DC3A-4D8B-97E3-171C6BD6CB68}.Debug|Any CPU.Build.0 = Debug|Any CPU
		{93F7EF8E-DC3A-4D8B-97E3-171C6BD6CB68}.Release|Any CPU.ActiveCfg = Release|Any CPU
		{93F7EF8E-DC3A-4D8B-97E3-171C6BD6CB68}.Release|Any CPU.Build.0 = Release|Any CPU
	EndGlobalSection
	GlobalSection(SolutionProperties) = preSolution
		HideSolutionNode = FALSE
	EndGlobalSection
	GlobalSection(ExtensibilityGlobals) = postSolution
		SolutionGuid = {1F9F9ED9-33AC-4662-907B-A050903052C9}
	EndGlobalSection
EndGlobal
